
Microsoft Visual Studio Solution File, Format Version 12.00
# Visual Studio Version 17
VisualStudioVersion = 17.5.002.0
MinimumVisualStudioVersion = 10.0.40219.1
Project("{9A19103F-16F7-4668-BE54-9A1E7A4F7556}") = "ESCenter.DbMigrator", "ESCenter.DbMigrator.csproj", "{F32E9F1A-DB37-46C7-9E49-8627427BF21F}"
EndProject
Global
	GlobalSection(SolutionConfigurationPlatforms) = preSolution
		Debug|Any CPU = Debug|Any CPU
		Release|Any CPU = Release|Any CPU
	EndGlobalSection
	GlobalSection(ProjectConfigurationPlatforms) = postSolution
		{F32E9F1A-DB37-46C7-9E49-8627427BF21F}.Debug|Any CPU.ActiveCfg = Debug|Any CPU
		{F32E9F1A-DB37-46C7-9E49-8627427BF21F}.Debug|Any CPU.Build.0 = Debug|Any CPU
		{F32E9F1A-DB37-46C7-9E49-8627427BF21F}.Release|Any CPU.ActiveCfg = Release|Any CPU
		{F32E9F1A-DB37-46C7-9E49-8627427BF21F}.Release|Any CPU.Build.0 = Release|Any CPU
	EndGlobalSection
	GlobalSection(SolutionProperties) = preSolution
		HideSolutionNode = FALSE
	EndGlobalSection
	GlobalSection(ExtensibilityGlobals) = postSolution
		SolutionGuid = {4718B944-0B70-44E9-BFF5-390F4AA735C9}
	EndGlobalSection
EndGlobal
