
Microsoft Visual Studio Solution File, Format Version 12.00
# Visual Studio Version 17
VisualStudioVersion = 17.8.34330.188
MinimumVisualStudioVersion = 10.0.40219.1
Project("{2150E333-8FDC-42A3-9474-1A3956D46DE8}") = "Domain", "Domain", "{0F37344E-EDE3-4C23-B4D1-DEA40CF59B79}"
EndProject
Project("{9A19103F-16F7-4668-BE54-9A1E7A4F7556}") = "ESCenter.Domain", "ESCenter.Domain\ESCenter.Domain.csproj", "{1D39A1C0-8691-4F9C-B3A3-453B080F8EC1}"
EndProject
Project("{9A19103F-16F7-4668-BE54-9A1E7A4F7556}") = "ESCenter.Domain.Shared", "ESCenter.Domain.Shared\ESCenter.Domain.Shared.csproj", "{92744AD5-F4EE-4F2E-947A-9486C392AA40}"
EndProject
Project("{2150E333-8FDC-42A3-9474-1A3956D46DE8}") = "Application", "Application", "{3E87EA32-2449-4CBD-92D8-1EE674D98D58}"
EndProject
Project("{9A19103F-16F7-4668-BE54-9A1E7A4F7556}") = "ESCenter.Application", "ESCenter.Application\ESCenter.Application.csproj", "{C01E514D-AFA7-422A-8692-04BF7380B265}"
EndProject
Project("{2150E333-8FDC-42A3-9474-1A3956D46DE8}") = "Infrastructure", "Infrastructure", "{27FA7B1C-C89C-40FB-A3A0-CD73BF54E672}"
EndProject
Project("{9A19103F-16F7-4668-BE54-9A1E7A4F7556}") = "ESCenter.Infrastructure", "ESCenter.Infrastructure\ESCenter.Infrastructure.csproj", "{76628855-DD17-43EA-9955-3440B3226007}"
EndProject
Project("{9A19103F-16F7-4668-BE54-9A1E7A4F7556}") = "ESCenter.Persistence", "ESCenter.Persistence\ESCenter.Persistence.csproj", "{1890F38A-B83F-44DA-999B-43113B263409}"
EndProject
Project("{9A19103F-16F7-4668-BE54-9A1E7A4F7556}") = "ESCenter.DbMigrator", "ESCenter.DbMigrator\ESCenter.DbMigrator.csproj", "{A241562C-915A-4095-B0B1-673EE5D6C0BF}"
EndProject
Project("{2150E333-8FDC-42A3-9474-1A3956D46DE8}") = "Presentation", "Presentation", "{5C444823-C4A7-4BE8-AEC3-E937F9E8F59C}"
EndProject
Project("{9A19103F-16F7-4668-BE54-9A1E7A4F7556}") = "ESCenter.Api", "ESCenter.Api\ESCenter.Api.csproj", "{83E7E3CA-3978-4ED8-ADE9-A658A60E8999}"
EndProject
Project("{9A19103F-16F7-4668-BE54-9A1E7A4F7556}") = "ESCenter.Administrator", "ESCenter.Administrator\ESCenter.Administrator.csproj", "{A1AA556F-E369-4DD1-A258-1442D90C3C1C}"
EndProject
Project("{9A19103F-16F7-4668-BE54-9A1E7A4F7556}") = "ESCenter.Mobile.Host", "ESCenter.Mobile.Host\ESCenter.Mobile.Host.csproj", "{AA813CC4-3E44-4E09-9A99-695C9D9B0029}"
EndProject
Project("{FAE04EC0-301F-11D3-BF4B-00C04F79EFBC}") = "ESCenter.Mobile.Application", "ESCenter.Mobile.Application\ESCenter.Mobile.Application.csproj", "{074F5F39-4B0A-49BA-A36C-198C70DA625B}"
EndProject
Project("{FAE04EC0-301F-11D3-BF4B-00C04F79EFBC}") = "ESCenter.Admin.Application", "ESCenter.Admin.Application\ESCenter.Admin.Application.csproj", "{05307B22-7875-44ED-8E18-1DBC285CD057}"
EndProject
Project("{FAE04EC0-301F-11D3-BF4B-00C04F79EFBC}") = "ESCenter.Admin.Host", "ESCenter.Admin.Host\ESCenter.Admin.Host.csproj", "{C868ED67-FDC2-4BB0-BD18-EFDF6F66F097}"
EndProject
Project("{2150E333-8FDC-42A3-9474-1A3956D46DE8}") = "BuildingBlock", "BuildingBlock", "{771EA9C2-4241-41BD-805C-0D89E41DC88D}"
EndProject
Project("{FAE04EC0-301F-11D3-BF4B-00C04F79EFBC}") = "Matt.Auditing", "Matt.Auditing\Matt.Auditing.csproj", "{BC99A17C-F567-4F8A-9A58-BB84DBA3BE83}"
EndProject
Project("{FAE04EC0-301F-11D3-BF4B-00C04F79EFBC}") = "Matt.ResultObject", "Matt.ResultObject\Matt.ResultObject.csproj", "{C3E31409-5102-44AB-B5FE-3213996DE194}"
EndProject
Project("{FAE04EC0-301F-11D3-BF4B-00C04F79EFBC}") = "Matt.Paginated", "Matt.Paginated\Matt.Paginated.csproj", "{DBA572C1-8DFD-44F7-9D78-6904135AE10F}"
EndProject
Project("{FAE04EC0-301F-11D3-BF4B-00C04F79EFBC}") = "Matt.AutoDI", "Matt.AutoDI\Matt.AutoDI.csproj", "{9977722D-49A8-4785-9533-121324082609}"
EndProject
Project("{FAE04EC0-301F-11D3-BF4B-00C04F79EFBC}") = "Matt.SharedKernel", "Matt.SharedKernel\Matt.SharedKernel.csproj", "{00E4B23C-F409-44C6-B2F5-B6E2C839A12F}"
EndProject
Project("{FAE04EC0-301F-11D3-BF4B-00C04F79EFBC}") = "ESCenter.Client", "ESCenter.Client\ESCenter.Client.csproj", "{E8FFABA0-7007-4C47-BF5D-FD13468CA09C}"
EndProject
Project("{2150E333-8FDC-42A3-9474-1A3956D46DE8}") = "Client", "Client", "{79E59803-A7AC-4C08-A72B-DBA52AE88764}"
EndProject
Project("{2150E333-8FDC-42A3-9474-1A3956D46DE8}") = "Admin", "Admin", "{7000A81C-07A1-45D4-BFD2-D78EF200C836}"
EndProject
Project("{2150E333-8FDC-42A3-9474-1A3956D46DE8}") = "Mobile", "Mobile", "{B41602F9-ABB7-4087-B838-9914F5EBB572}"
EndProject
Project("{FAE04EC0-301F-11D3-BF4B-00C04F79EFBC}") = "ESCenter.Client.Host", "ESCenter.Client.Host\ESCenter.Client.Host.csproj", "{B58405C8-D80F-4DA6-98C3-1EB8463E7D11}"
EndProject
Project("{FAE04EC0-301F-11D3-BF4B-00C04F79EFBC}") = "ESCenter.Client.Application", "ESCenter.Client.Application\ESCenter.Client.Application.csproj", "{4DFA6427-08B2-4F8F-8D36-C00696A47A35}"
EndProject
Global
	GlobalSection(SolutionConfigurationPlatforms) = preSolution
		Debug|Any CPU = Debug|Any CPU
		Release|Any CPU = Release|Any CPU
	EndGlobalSection
	GlobalSection(ProjectConfigurationPlatforms) = postSolution
		{1D39A1C0-8691-4F9C-B3A3-453B080F8EC1}.Debug|Any CPU.ActiveCfg = Debug|Any CPU
		{1D39A1C0-8691-4F9C-B3A3-453B080F8EC1}.Debug|Any CPU.Build.0 = Debug|Any CPU
		{1D39A1C0-8691-4F9C-B3A3-453B080F8EC1}.Release|Any CPU.ActiveCfg = Release|Any CPU
		{1D39A1C0-8691-4F9C-B3A3-453B080F8EC1}.Release|Any CPU.Build.0 = Release|Any CPU
		{92744AD5-F4EE-4F2E-947A-9486C392AA40}.Debug|Any CPU.ActiveCfg = Debug|Any CPU
		{92744AD5-F4EE-4F2E-947A-9486C392AA40}.Debug|Any CPU.Build.0 = Debug|Any CPU
		{92744AD5-F4EE-4F2E-947A-9486C392AA40}.Release|Any CPU.ActiveCfg = Release|Any CPU
		{92744AD5-F4EE-4F2E-947A-9486C392AA40}.Release|Any CPU.Build.0 = Release|Any CPU
		{C01E514D-AFA7-422A-8692-04BF7380B265}.Debug|Any CPU.ActiveCfg = Debug|Any CPU
		{C01E514D-AFA7-422A-8692-04BF7380B265}.Debug|Any CPU.Build.0 = Debug|Any CPU
		{C01E514D-AFA7-422A-8692-04BF7380B265}.Release|Any CPU.ActiveCfg = Release|Any CPU
		{C01E514D-AFA7-422A-8692-04BF7380B265}.Release|Any CPU.Build.0 = Release|Any CPU
		{76628855-DD17-43EA-9955-3440B3226007}.Debug|Any CPU.ActiveCfg = Debug|Any CPU
		{76628855-DD17-43EA-9955-3440B3226007}.Debug|Any CPU.Build.0 = Debug|Any CPU
		{76628855-DD17-43EA-9955-3440B3226007}.Release|Any CPU.ActiveCfg = Release|Any CPU
		{76628855-DD17-43EA-9955-3440B3226007}.Release|Any CPU.Build.0 = Release|Any CPU
		{1890F38A-B83F-44DA-999B-43113B263409}.Debug|Any CPU.ActiveCfg = Debug|Any CPU
		{1890F38A-B83F-44DA-999B-43113B263409}.Debug|Any CPU.Build.0 = Debug|Any CPU
		{1890F38A-B83F-44DA-999B-43113B263409}.Release|Any CPU.ActiveCfg = Release|Any CPU
		{1890F38A-B83F-44DA-999B-43113B263409}.Release|Any CPU.Build.0 = Release|Any CPU
		{A241562C-915A-4095-B0B1-673EE5D6C0BF}.Debug|Any CPU.ActiveCfg = Debug|Any CPU
		{A241562C-915A-4095-B0B1-673EE5D6C0BF}.Debug|Any CPU.Build.0 = Debug|Any CPU
		{A241562C-915A-4095-B0B1-673EE5D6C0BF}.Release|Any CPU.ActiveCfg = Release|Any CPU
		{A241562C-915A-4095-B0B1-673EE5D6C0BF}.Release|Any CPU.Build.0 = Release|Any CPU
		{83E7E3CA-3978-4ED8-ADE9-A658A60E8999}.Debug|Any CPU.ActiveCfg = Debug|Any CPU
		{83E7E3CA-3978-4ED8-ADE9-A658A60E8999}.Debug|Any CPU.Build.0 = Debug|Any CPU
		{83E7E3CA-3978-4ED8-ADE9-A658A60E8999}.Release|Any CPU.ActiveCfg = Release|Any CPU
		{83E7E3CA-3978-4ED8-ADE9-A658A60E8999}.Release|Any CPU.Build.0 = Release|Any CPU
		{A1AA556F-E369-4DD1-A258-1442D90C3C1C}.Debug|Any CPU.ActiveCfg = Debug|Any CPU
		{A1AA556F-E369-4DD1-A258-1442D90C3C1C}.Debug|Any CPU.Build.0 = Debug|Any CPU
		{A1AA556F-E369-4DD1-A258-1442D90C3C1C}.Release|Any CPU.ActiveCfg = Release|Any CPU
		{A1AA556F-E369-4DD1-A258-1442D90C3C1C}.Release|Any CPU.Build.0 = Release|Any CPU
		{AA813CC4-3E44-4E09-9A99-695C9D9B0029}.Debug|Any CPU.ActiveCfg = Debug|Any CPU
		{AA813CC4-3E44-4E09-9A99-695C9D9B0029}.Debug|Any CPU.Build.0 = Debug|Any CPU
		{AA813CC4-3E44-4E09-9A99-695C9D9B0029}.Release|Any CPU.ActiveCfg = Release|Any CPU
		{AA813CC4-3E44-4E09-9A99-695C9D9B0029}.Release|Any CPU.Build.0 = Release|Any CPU
		{074F5F39-4B0A-49BA-A36C-198C70DA625B}.Debug|Any CPU.ActiveCfg = Debug|Any CPU
		{074F5F39-4B0A-49BA-A36C-198C70DA625B}.Debug|Any CPU.Build.0 = Debug|Any CPU
		{074F5F39-4B0A-49BA-A36C-198C70DA625B}.Release|Any CPU.ActiveCfg = Release|Any CPU
		{074F5F39-4B0A-49BA-A36C-198C70DA625B}.Release|Any CPU.Build.0 = Release|Any CPU
		{05307B22-7875-44ED-8E18-1DBC285CD057}.Debug|Any CPU.ActiveCfg = Debug|Any CPU
		{05307B22-7875-44ED-8E18-1DBC285CD057}.Debug|Any CPU.Build.0 = Debug|Any CPU
		{05307B22-7875-44ED-8E18-1DBC285CD057}.Release|Any CPU.ActiveCfg = Release|Any CPU
		{05307B22-7875-44ED-8E18-1DBC285CD057}.Release|Any CPU.Build.0 = Release|Any CPU
		{C868ED67-FDC2-4BB0-BD18-EFDF6F66F097}.Debug|Any CPU.ActiveCfg = Debug|Any CPU
		{C868ED67-FDC2-4BB0-BD18-EFDF6F66F097}.Debug|Any CPU.Build.0 = Debug|Any CPU
		{C868ED67-FDC2-4BB0-BD18-EFDF6F66F097}.Release|Any CPU.ActiveCfg = Release|Any CPU
		{C868ED67-FDC2-4BB0-BD18-EFDF6F66F097}.Release|Any CPU.Build.0 = Release|Any CPU
		{BC99A17C-F567-4F8A-9A58-BB84DBA3BE83}.Debug|Any CPU.ActiveCfg = Debug|Any CPU
		{BC99A17C-F567-4F8A-9A58-BB84DBA3BE83}.Debug|Any CPU.Build.0 = Debug|Any CPU
		{BC99A17C-F567-4F8A-9A58-BB84DBA3BE83}.Release|Any CPU.ActiveCfg = Release|Any CPU
		{BC99A17C-F567-4F8A-9A58-BB84DBA3BE83}.Release|Any CPU.Build.0 = Release|Any CPU
		{C3E31409-5102-44AB-B5FE-3213996DE194}.Debug|Any CPU.ActiveCfg = Debug|Any CPU
		{C3E31409-5102-44AB-B5FE-3213996DE194}.Debug|Any CPU.Build.0 = Debug|Any CPU
		{C3E31409-5102-44AB-B5FE-3213996DE194}.Release|Any CPU.ActiveCfg = Release|Any CPU
		{C3E31409-5102-44AB-B5FE-3213996DE194}.Release|Any CPU.Build.0 = Release|Any CPU
		{DBA572C1-8DFD-44F7-9D78-6904135AE10F}.Debug|Any CPU.ActiveCfg = Debug|Any CPU
		{DBA572C1-8DFD-44F7-9D78-6904135AE10F}.Debug|Any CPU.Build.0 = Debug|Any CPU
		{DBA572C1-8DFD-44F7-9D78-6904135AE10F}.Release|Any CPU.ActiveCfg = Release|Any CPU
		{DBA572C1-8DFD-44F7-9D78-6904135AE10F}.Release|Any CPU.Build.0 = Release|Any CPU
		{9977722D-49A8-4785-9533-121324082609}.Debug|Any CPU.ActiveCfg = Debug|Any CPU
		{9977722D-49A8-4785-9533-121324082609}.Debug|Any CPU.Build.0 = Debug|Any CPU
		{9977722D-49A8-4785-9533-121324082609}.Release|Any CPU.ActiveCfg = Release|Any CPU
		{9977722D-49A8-4785-9533-121324082609}.Release|Any CPU.Build.0 = Release|Any CPU
		{00E4B23C-F409-44C6-B2F5-B6E2C839A12F}.Debug|Any CPU.ActiveCfg = Debug|Any CPU
		{00E4B23C-F409-44C6-B2F5-B6E2C839A12F}.Debug|Any CPU.Build.0 = Debug|Any CPU
		{00E4B23C-F409-44C6-B2F5-B6E2C839A12F}.Release|Any CPU.ActiveCfg = Release|Any CPU
		{00E4B23C-F409-44C6-B2F5-B6E2C839A12F}.Release|Any CPU.Build.0 = Release|Any CPU
		{E8FFABA0-7007-4C47-BF5D-FD13468CA09C}.Debug|Any CPU.ActiveCfg = Debug|Any CPU
		{E8FFABA0-7007-4C47-BF5D-FD13468CA09C}.Debug|Any CPU.Build.0 = Debug|Any CPU
		{E8FFABA0-7007-4C47-BF5D-FD13468CA09C}.Release|Any CPU.ActiveCfg = Release|Any CPU
		{E8FFABA0-7007-4C47-BF5D-FD13468CA09C}.Release|Any CPU.Build.0 = Release|Any CPU
		{B58405C8-D80F-4DA6-98C3-1EB8463E7D11}.Debug|Any CPU.ActiveCfg = Debug|Any CPU
		{B58405C8-D80F-4DA6-98C3-1EB8463E7D11}.Debug|Any CPU.Build.0 = Debug|Any CPU
		{B58405C8-D80F-4DA6-98C3-1EB8463E7D11}.Release|Any CPU.ActiveCfg = Release|Any CPU
		{B58405C8-D80F-4DA6-98C3-1EB8463E7D11}.Release|Any CPU.Build.0 = Release|Any CPU
		{4DFA6427-08B2-4F8F-8D36-C00696A47A35}.Debug|Any CPU.ActiveCfg = Debug|Any CPU
		{4DFA6427-08B2-4F8F-8D36-C00696A47A35}.Debug|Any CPU.Build.0 = Debug|Any CPU
		{4DFA6427-08B2-4F8F-8D36-C00696A47A35}.Release|Any CPU.ActiveCfg = Release|Any CPU
		{4DFA6427-08B2-4F8F-8D36-C00696A47A35}.Release|Any CPU.Build.0 = Release|Any CPU
	EndGlobalSection
	GlobalSection(SolutionProperties) = preSolution
		HideSolutionNode = FALSE
	EndGlobalSection
	GlobalSection(NestedProjects) = preSolution
		{1D39A1C0-8691-4F9C-B3A3-453B080F8EC1} = {0F37344E-EDE3-4C23-B4D1-DEA40CF59B79}
		{92744AD5-F4EE-4F2E-947A-9486C392AA40} = {0F37344E-EDE3-4C23-B4D1-DEA40CF59B79}
		{C01E514D-AFA7-422A-8692-04BF7380B265} = {3E87EA32-2449-4CBD-92D8-1EE674D98D58}
		{76628855-DD17-43EA-9955-3440B3226007} = {27FA7B1C-C89C-40FB-A3A0-CD73BF54E672}
		{1890F38A-B83F-44DA-999B-43113B263409} = {27FA7B1C-C89C-40FB-A3A0-CD73BF54E672}
		{A241562C-915A-4095-B0B1-673EE5D6C0BF} = {27FA7B1C-C89C-40FB-A3A0-CD73BF54E672}
		{074F5F39-4B0A-49BA-A36C-198C70DA625B} = {3E87EA32-2449-4CBD-92D8-1EE674D98D58}
		{05307B22-7875-44ED-8E18-1DBC285CD057} = {3E87EA32-2449-4CBD-92D8-1EE674D98D58}
		{BC99A17C-F567-4F8A-9A58-BB84DBA3BE83} = {771EA9C2-4241-41BD-805C-0D89E41DC88D}
		{C3E31409-5102-44AB-B5FE-3213996DE194} = {771EA9C2-4241-41BD-805C-0D89E41DC88D}
		{DBA572C1-8DFD-44F7-9D78-6904135AE10F} = {771EA9C2-4241-41BD-805C-0D89E41DC88D}
		{9977722D-49A8-4785-9533-121324082609} = {771EA9C2-4241-41BD-805C-0D89E41DC88D}
		{00E4B23C-F409-44C6-B2F5-B6E2C839A12F} = {771EA9C2-4241-41BD-805C-0D89E41DC88D}
		{79E59803-A7AC-4C08-A72B-DBA52AE88764} = {5C444823-C4A7-4BE8-AEC3-E937F9E8F59C}
		{E8FFABA0-7007-4C47-BF5D-FD13468CA09C} = {79E59803-A7AC-4C08-A72B-DBA52AE88764}
		{7000A81C-07A1-45D4-BFD2-D78EF200C836} = {5C444823-C4A7-4BE8-AEC3-E937F9E8F59C}
		{C868ED67-FDC2-4BB0-BD18-EFDF6F66F097} = {7000A81C-07A1-45D4-BFD2-D78EF200C836}
		{A1AA556F-E369-4DD1-A258-1442D90C3C1C} = {7000A81C-07A1-45D4-BFD2-D78EF200C836}
		{B41602F9-ABB7-4087-B838-9914F5EBB572} = {5C444823-C4A7-4BE8-AEC3-E937F9E8F59C}
		{83E7E3CA-3978-4ED8-ADE9-A658A60E8999} = {B41602F9-ABB7-4087-B838-9914F5EBB572}
		{AA813CC4-3E44-4E09-9A99-695C9D9B0029} = {B41602F9-ABB7-4087-B838-9914F5EBB572}
		{B58405C8-D80F-4DA6-98C3-1EB8463E7D11} = {79E59803-A7AC-4C08-A72B-DBA52AE88764}
		{4DFA6427-08B2-4F8F-8D36-C00696A47A35} = {3E87EA32-2449-4CBD-92D8-1EE674D98D58}
	EndGlobalSection
	GlobalSection(ExtensibilityGlobals) = postSolution
		SolutionGuid = {6A868679-8BFD-4EC3-AC85-F776ACB4B174}
	EndGlobalSection
EndGlobal
